
Microsoft Visual Studio Solution File, Format Version 12.00
# Visual Studio Version 17
VisualStudioVersion = 17.8.34316.72
MinimumVisualStudioVersion = 10.0.40219.1
Project("{FAE04EC0-301F-11D3-BF4B-00C04F79EFBC}") = "DichVuChoThueXe", "DichVuChoThueXe\DichVuChoThueXe.csproj", "{78ABC62B-1634-4B7A-AD12-ADD278C96528}"
EndProject
Global
	GlobalSection(SolutionConfigurationPlatforms) = preSolution
		Debug|Any CPU = Debug|Any CPU
		Release|Any CPU = Release|Any CPU
	EndGlobalSection
	GlobalSection(ProjectConfigurationPlatforms) = postSolution
		{78ABC62B-1634-4B7A-AD12-ADD278C96528}.Debug|Any CPU.ActiveCfg = Debug|Any CPU
		{78ABC62B-1634-4B7A-AD12-ADD278C96528}.Debug|Any CPU.Build.0 = Debug|Any CPU
		{78ABC62B-1634-4B7A-AD12-ADD278C96528}.Release|Any CPU.ActiveCfg = Release|Any CPU
		{78ABC62B-1634-4B7A-AD12-ADD278C96528}.Release|Any CPU.Build.0 = Release|Any CPU
	EndGlobalSection
	GlobalSection(SolutionProperties) = preSolution
		HideSolutionNode = FALSE
	EndGlobalSection
	GlobalSection(ExtensibilityGlobals) = postSolution
		SolutionGuid = {05811003-28AE-470E-90E7-9E6545B2408E}
	EndGlobalSection
EndGlobal
