
Microsoft Visual Studio Solution File, Format Version 12.00
# Visual Studio Version 17
VisualStudioVersion = 17.8.34316.72
MinimumVisualStudioVersion = 10.0.40219.1
Project("{FAE04EC0-301F-11D3-BF4B-00C04F79EFBC}") = "NL", "NL\NL.csproj", "{619E0C3B-70EC-43D5-9EF7-ED81F5B3CE4D}"
EndProject
Global
	GlobalSection(SolutionConfigurationPlatforms) = preSolution
		Debug|Any CPU = Debug|Any CPU
		Release|Any CPU = Release|Any CPU
	EndGlobalSection
	GlobalSection(ProjectConfigurationPlatforms) = postSolution
		{619E0C3B-70EC-43D5-9EF7-ED81F5B3CE4D}.Debug|Any CPU.ActiveCfg = Debug|Any CPU
		{619E0C3B-70EC-43D5-9EF7-ED81F5B3CE4D}.Debug|Any CPU.Build.0 = Debug|Any CPU
		{619E0C3B-70EC-43D5-9EF7-ED81F5B3CE4D}.Release|Any CPU.ActiveCfg = Release|Any CPU
		{619E0C3B-70EC-43D5-9EF7-ED81F5B3CE4D}.Release|Any CPU.Build.0 = Release|Any CPU
	EndGlobalSection
	GlobalSection(SolutionProperties) = preSolution
		HideSolutionNode = FALSE
	EndGlobalSection
	GlobalSection(ExtensibilityGlobals) = postSolution
		SolutionGuid = {FBFA4F18-E819-414F-9C84-92FF309EBB12}
	EndGlobalSection
EndGlobal
